
Microsoft Visual Studio Solution File, Format Version 12.00
# Visual Studio Version 16
VisualStudioVersion = 16.0.30002.166
MinimumVisualStudioVersion = 10.0.40219.1
Project("{FAE04EC0-301F-11D3-BF4B-00C04F79EFBC}") = "Cs04_1_t02", "Cs04_1_t02.csproj", "{21A9EB61-8971-4C0D-A22A-8BDCAEF875F2}"
EndProject
Global
	GlobalSection(SolutionConfigurationPlatforms) = preSolution
		Debug|Any CPU = Debug|Any CPU
		Release|Any CPU = Release|Any CPU
	EndGlobalSection
	GlobalSection(ProjectConfigurationPlatforms) = postSolution
		{21A9EB61-8971-4C0D-A22A-8BDCAEF875F2}.Debug|Any CPU.ActiveCfg = Debug|Any CPU
		{21A9EB61-8971-4C0D-A22A-8BDCAEF875F2}.Debug|Any CPU.Build.0 = Debug|Any CPU
		{21A9EB61-8971-4C0D-A22A-8BDCAEF875F2}.Release|Any CPU.ActiveCfg = Release|Any CPU
		{21A9EB61-8971-4C0D-A22A-8BDCAEF875F2}.Release|Any CPU.Build.0 = Release|Any CPU
	EndGlobalSection
	GlobalSection(SolutionProperties) = preSolution
		HideSolutionNode = FALSE
	EndGlobalSection
	GlobalSection(ExtensibilityGlobals) = postSolution
		SolutionGuid = {383F1C64-6FB2-4820-AD45-1116FCB61902}
	EndGlobalSection
EndGlobal
