
Microsoft Visual Studio Solution File, Format Version 12.00
# Visual Studio Version 16
VisualStudioVersion = 16.0.30011.22
MinimumVisualStudioVersion = 10.0.40219.1
Project("{FAE04EC0-301F-11D3-BF4B-00C04F79EFBC}") = "Cs10_1_t01", "Cs10_1_t01.csproj", "{95408DA2-5998-4C6C-BA96-B7FDAC657396}"
EndProject
Global
	GlobalSection(SolutionConfigurationPlatforms) = preSolution
		Debug|Any CPU = Debug|Any CPU
		Release|Any CPU = Release|Any CPU
	EndGlobalSection
	GlobalSection(ProjectConfigurationPlatforms) = postSolution
		{95408DA2-5998-4C6C-BA96-B7FDAC657396}.Debug|Any CPU.ActiveCfg = Debug|Any CPU
		{95408DA2-5998-4C6C-BA96-B7FDAC657396}.Debug|Any CPU.Build.0 = Debug|Any CPU
		{95408DA2-5998-4C6C-BA96-B7FDAC657396}.Release|Any CPU.ActiveCfg = Release|Any CPU
		{95408DA2-5998-4C6C-BA96-B7FDAC657396}.Release|Any CPU.Build.0 = Release|Any CPU
	EndGlobalSection
	GlobalSection(SolutionProperties) = preSolution
		HideSolutionNode = FALSE
	EndGlobalSection
	GlobalSection(ExtensibilityGlobals) = postSolution
		SolutionGuid = {B69F2CE7-C89D-432B-B619-94490007A4C5}
	EndGlobalSection
EndGlobal
