
Microsoft Visual Studio Solution File, Format Version 12.00
# Visual Studio Version 16
VisualStudioVersion = 16.0.30204.135
MinimumVisualStudioVersion = 10.0.40219.1
Project("{FAE04EC0-301F-11D3-BF4B-00C04F79EFBC}") = "SerializConsolApp", "SerializConsolApp.csproj", "{A7E5780E-41C7-426C-A27C-C57F3B3FBB33}"
EndProject
Project("{FAE04EC0-301F-11D3-BF4B-00C04F79EFBC}") = "ClassLib", "ClassLib\ClassLib.csproj", "{B324EA8F-E1E6-4888-B06C-A116A97E677D}"
EndProject
Project("{FAE04EC0-301F-11D3-BF4B-00C04F79EFBC}") = "DeserializConsolApp", "DeserializConsolApp\DeserializConsolApp.csproj", "{282BCA53-5F34-436E-A167-0137230E2B79}"
EndProject
Global
	GlobalSection(SolutionConfigurationPlatforms) = preSolution
		Debug|Any CPU = Debug|Any CPU
		Release|Any CPU = Release|Any CPU
	EndGlobalSection
	GlobalSection(ProjectConfigurationPlatforms) = postSolution
		{A7E5780E-41C7-426C-A27C-C57F3B3FBB33}.Debug|Any CPU.ActiveCfg = Debug|Any CPU
		{A7E5780E-41C7-426C-A27C-C57F3B3FBB33}.Debug|Any CPU.Build.0 = Debug|Any CPU
		{A7E5780E-41C7-426C-A27C-C57F3B3FBB33}.Release|Any CPU.ActiveCfg = Release|Any CPU
		{A7E5780E-41C7-426C-A27C-C57F3B3FBB33}.Release|Any CPU.Build.0 = Release|Any CPU
		{B324EA8F-E1E6-4888-B06C-A116A97E677D}.Debug|Any CPU.ActiveCfg = Debug|Any CPU
		{B324EA8F-E1E6-4888-B06C-A116A97E677D}.Debug|Any CPU.Build.0 = Debug|Any CPU
		{B324EA8F-E1E6-4888-B06C-A116A97E677D}.Release|Any CPU.ActiveCfg = Release|Any CPU
		{B324EA8F-E1E6-4888-B06C-A116A97E677D}.Release|Any CPU.Build.0 = Release|Any CPU
		{282BCA53-5F34-436E-A167-0137230E2B79}.Debug|Any CPU.ActiveCfg = Debug|Any CPU
		{282BCA53-5F34-436E-A167-0137230E2B79}.Debug|Any CPU.Build.0 = Debug|Any CPU
		{282BCA53-5F34-436E-A167-0137230E2B79}.Release|Any CPU.ActiveCfg = Release|Any CPU
		{282BCA53-5F34-436E-A167-0137230E2B79}.Release|Any CPU.Build.0 = Release|Any CPU
	EndGlobalSection
	GlobalSection(SolutionProperties) = preSolution
		HideSolutionNode = FALSE
	EndGlobalSection
	GlobalSection(ExtensibilityGlobals) = postSolution
		SolutionGuid = {3EFFBE4A-4277-4ED8-93F7-D70418AEAA69}
	EndGlobalSection
EndGlobal
