
Microsoft Visual Studio Solution File, Format Version 12.00
# Visual Studio Version 16
VisualStudioVersion = 16.0.29911.84
MinimumVisualStudioVersion = 10.0.40219.1
Project("{FAE04EC0-301F-11D3-BF4B-00C04F79EFBC}") = "Cs03_1_t02", "Cs03_1_t02.csproj", "{A9038750-57A9-4B12-8FBF-00C806A17A6E}"
EndProject
Global
	GlobalSection(SolutionConfigurationPlatforms) = preSolution
		Debug|Any CPU = Debug|Any CPU
		Release|Any CPU = Release|Any CPU
	EndGlobalSection
	GlobalSection(ProjectConfigurationPlatforms) = postSolution
		{A9038750-57A9-4B12-8FBF-00C806A17A6E}.Debug|Any CPU.ActiveCfg = Debug|Any CPU
		{A9038750-57A9-4B12-8FBF-00C806A17A6E}.Debug|Any CPU.Build.0 = Debug|Any CPU
		{A9038750-57A9-4B12-8FBF-00C806A17A6E}.Release|Any CPU.ActiveCfg = Release|Any CPU
		{A9038750-57A9-4B12-8FBF-00C806A17A6E}.Release|Any CPU.Build.0 = Release|Any CPU
	EndGlobalSection
	GlobalSection(SolutionProperties) = preSolution
		HideSolutionNode = FALSE
	EndGlobalSection
	GlobalSection(ExtensibilityGlobals) = postSolution
		SolutionGuid = {39D26633-C50F-48AC-A980-EB687C58C1B7}
	EndGlobalSection
EndGlobal
